
Microsoft Visual Studio Solution File, Format Version 12.00
# Visual Studio Version 16
VisualStudioVersion = 16.0.34407.143
MinimumVisualStudioVersion = 10.0.40219.1
Project("{FAE04EC0-301F-11D3-BF4B-00C04F79EFBC}") = "MVCProjet", "MVCProjet\MVCProjet.csproj", "{F16A4B37-BBF8-4AD8-8FF4-CD7B17BD3D45}"
EndProject
Global
	GlobalSection(SolutionConfigurationPlatforms) = preSolution
		Debug|Any CPU = Debug|Any CPU
		Release|Any CPU = Release|Any CPU
	EndGlobalSection
	GlobalSection(ProjectConfigurationPlatforms) = postSolution
		{F16A4B37-BBF8-4AD8-8FF4-CD7B17BD3D45}.Debug|Any CPU.ActiveCfg = Debug|Any CPU
		{F16A4B37-BBF8-4AD8-8FF4-CD7B17BD3D45}.Debug|Any CPU.Build.0 = Debug|Any CPU
		{F16A4B37-BBF8-4AD8-8FF4-CD7B17BD3D45}.Release|Any CPU.ActiveCfg = Release|Any CPU
		{F16A4B37-BBF8-4AD8-8FF4-CD7B17BD3D45}.Release|Any CPU.Build.0 = Release|Any CPU
	EndGlobalSection
	GlobalSection(SolutionProperties) = preSolution
		HideSolutionNode = FALSE
	EndGlobalSection
	GlobalSection(ExtensibilityGlobals) = postSolution
		SolutionGuid = {75778606-91C0-4D24-8882-0A575C33FFBC}
	EndGlobalSection
EndGlobal
